
Microsoft Visual Studio Solution File, Format Version 12.00
# Visual Studio 15
Project("{FAE04EC0-301F-11D3-BF4B-00C04F79EFBC}") = "mobileSixMMB.Android", "mobileSixMMB.Android\mobileSixMMB.Android.csproj", "{AE2614F4-70A5-47B5-AFAA-042EC2F3202B}"
EndProject
Project("{FAE04EC0-301F-11D3-BF4B-00C04F79EFBC}") = "mobileSixMMB.iOS", "mobileSixMMB.iOS\mobileSixMMB.iOS.csproj", "{3C6A3DAF-A679-49C5-97C1-1963624AC234}"
EndProject
Project("{FAE04EC0-301F-11D3-BF4B-00C04F79EFBC}") = "mobileSixMMB", "mobileSixMMB\mobileSixMMB.csproj", "{06914334-8294-485E-905E-2460B8C70D38}"
EndProject
Global
	GlobalSection(SolutionConfigurationPlatforms) = preSolution
		Debug|Any CPU = Debug|Any CPU
		Release|Any CPU = Release|Any CPU
		Debug|iPhoneSimulator = Debug|iPhoneSimulator
		Release|iPhoneSimulator = Release|iPhoneSimulator
		Debug|iPhone = Debug|iPhone
		Release|iPhone = Release|iPhone
	EndGlobalSection
	GlobalSection(ProjectConfigurationPlatforms) = postSolution
		{AE2614F4-70A5-47B5-AFAA-042EC2F3202B}.Debug|Any CPU.ActiveCfg = Debug|Any CPU
		{AE2614F4-70A5-47B5-AFAA-042EC2F3202B}.Debug|Any CPU.Build.0 = Debug|Any CPU
		{AE2614F4-70A5-47B5-AFAA-042EC2F3202B}.Release|Any CPU.ActiveCfg = Release|Any CPU
		{AE2614F4-70A5-47B5-AFAA-042EC2F3202B}.Release|Any CPU.Build.0 = Release|Any CPU
		{AE2614F4-70A5-47B5-AFAA-042EC2F3202B}.Debug|iPhoneSimulator.ActiveCfg = Debug|Any CPU
		{AE2614F4-70A5-47B5-AFAA-042EC2F3202B}.Debug|iPhoneSimulator.Build.0 = Debug|Any CPU
		{AE2614F4-70A5-47B5-AFAA-042EC2F3202B}.Release|iPhoneSimulator.ActiveCfg = Release|Any CPU
		{AE2614F4-70A5-47B5-AFAA-042EC2F3202B}.Release|iPhoneSimulator.Build.0 = Release|Any CPU
		{AE2614F4-70A5-47B5-AFAA-042EC2F3202B}.Debug|iPhone.ActiveCfg = Debug|Any CPU
		{AE2614F4-70A5-47B5-AFAA-042EC2F3202B}.Debug|iPhone.Build.0 = Debug|Any CPU
		{AE2614F4-70A5-47B5-AFAA-042EC2F3202B}.Release|iPhone.ActiveCfg = Release|Any CPU
		{AE2614F4-70A5-47B5-AFAA-042EC2F3202B}.Release|iPhone.Build.0 = Release|Any CPU
		{3C6A3DAF-A679-49C5-97C1-1963624AC234}.Debug|Any CPU.ActiveCfg = Debug|iPhoneSimulator
		{3C6A3DAF-A679-49C5-97C1-1963624AC234}.Debug|Any CPU.Build.0 = Debug|iPhoneSimulator
		{3C6A3DAF-A679-49C5-97C1-1963624AC234}.Release|Any CPU.ActiveCfg = Release|iPhoneSimulator
		{3C6A3DAF-A679-49C5-97C1-1963624AC234}.Release|Any CPU.Build.0 = Release|iPhoneSimulator
		{3C6A3DAF-A679-49C5-97C1-1963624AC234}.Debug|iPhoneSimulator.ActiveCfg = Debug|iPhoneSimulator
		{3C6A3DAF-A679-49C5-97C1-1963624AC234}.Debug|iPhoneSimulator.Build.0 = Debug|iPhoneSimulator
		{3C6A3DAF-A679-49C5-97C1-1963624AC234}.Release|iPhoneSimulator.ActiveCfg = Release|iPhoneSimulator
		{3C6A3DAF-A679-49C5-97C1-1963624AC234}.Release|iPhoneSimulator.Build.0 = Release|iPhoneSimulator
		{3C6A3DAF-A679-49C5-97C1-1963624AC234}.Debug|iPhone.ActiveCfg = Debug|iPhone
		{3C6A3DAF-A679-49C5-97C1-1963624AC234}.Debug|iPhone.Build.0 = Debug|iPhone
		{3C6A3DAF-A679-49C5-97C1-1963624AC234}.Release|iPhone.ActiveCfg = Release|iPhone
		{3C6A3DAF-A679-49C5-97C1-1963624AC234}.Release|iPhone.Build.0 = Release|iPhone
		{06914334-8294-485E-905E-2460B8C70D38}.Debug|Any CPU.ActiveCfg = Debug|Any CPU
		{06914334-8294-485E-905E-2460B8C70D38}.Debug|Any CPU.Build.0 = Debug|Any CPU
		{06914334-8294-485E-905E-2460B8C70D38}.Release|Any CPU.ActiveCfg = Release|Any CPU
		{06914334-8294-485E-905E-2460B8C70D38}.Release|Any CPU.Build.0 = Release|Any CPU
		{06914334-8294-485E-905E-2460B8C70D38}.Debug|iPhoneSimulator.ActiveCfg = Debug|Any CPU
		{06914334-8294-485E-905E-2460B8C70D38}.Debug|iPhoneSimulator.Build.0 = Debug|Any CPU
		{06914334-8294-485E-905E-2460B8C70D38}.Release|iPhoneSimulator.ActiveCfg = Release|Any CPU
		{06914334-8294-485E-905E-2460B8C70D38}.Release|iPhoneSimulator.Build.0 = Release|Any CPU
		{06914334-8294-485E-905E-2460B8C70D38}.Debug|iPhone.ActiveCfg = Debug|Any CPU
		{06914334-8294-485E-905E-2460B8C70D38}.Debug|iPhone.Build.0 = Debug|Any CPU
		{06914334-8294-485E-905E-2460B8C70D38}.Release|iPhone.ActiveCfg = Release|Any CPU
		{06914334-8294-485E-905E-2460B8C70D38}.Release|iPhone.Build.0 = Release|Any CPU
	EndGlobalSection
EndGlobal
